
Microsoft Visual Studio Solution File, Format Version 12.00
# Visual Studio Version 16
VisualStudioVersion = 16.0.28803.352
MinimumVisualStudioVersion = 10.0.40219.1
Project("{9A19103F-16F7-4668-BE54-9A1E7A4F7556}") = "AppsettingsDemo.Api", "AppsettingsDemo.Api\AppsettingsDemo.Api.csproj", "{20C002B7-972B-498C-AA74-379EF88E597C}"
EndProject
Project("{9A19103F-16F7-4668-BE54-9A1E7A4F7556}") = "SwaggerUI", "SwaggerUI\SwaggerUI.csproj", "{437ECC75-6FCC-4767-B31D-48D41C2073A7}"
EndProject
Global
	GlobalSection(SolutionConfigurationPlatforms) = preSolution
		Debug|Any CPU = Debug|Any CPU
		Release|Any CPU = Release|Any CPU
	EndGlobalSection
	GlobalSection(ProjectConfigurationPlatforms) = postSolution
		{20C002B7-972B-498C-AA74-379EF88E597C}.Debug|Any CPU.ActiveCfg = Debug|Any CPU
		{20C002B7-972B-498C-AA74-379EF88E597C}.Debug|Any CPU.Build.0 = Debug|Any CPU
		{20C002B7-972B-498C-AA74-379EF88E597C}.Release|Any CPU.ActiveCfg = Release|Any CPU
		{20C002B7-972B-498C-AA74-379EF88E597C}.Release|Any CPU.Build.0 = Release|Any CPU
		{437ECC75-6FCC-4767-B31D-48D41C2073A7}.Debug|Any CPU.ActiveCfg = Debug|Any CPU
		{437ECC75-6FCC-4767-B31D-48D41C2073A7}.Debug|Any CPU.Build.0 = Debug|Any CPU
		{437ECC75-6FCC-4767-B31D-48D41C2073A7}.Release|Any CPU.ActiveCfg = Release|Any CPU
		{437ECC75-6FCC-4767-B31D-48D41C2073A7}.Release|Any CPU.Build.0 = Release|Any CPU
	EndGlobalSection
	GlobalSection(SolutionProperties) = preSolution
		HideSolutionNode = FALSE
	EndGlobalSection
	GlobalSection(ExtensibilityGlobals) = postSolution
		SolutionGuid = {BA8CA1A6-D514-43F4-97DE-C356F8790C0D}
	EndGlobalSection
EndGlobal
