
Microsoft Visual Studio Solution File, Format Version 12.00
# Visual Studio Version 16
VisualStudioVersion = 16.0.28803.352
MinimumVisualStudioVersion = 10.0.40219.1
Project("{FAE04EC0-301F-11D3-BF4B-00C04F79EFBC}") = "BusinessLogic", "BusinessLogic\BusinessLogic.csproj", "{C3B5434F-E4E6-4A45-8950-68F15E3FAD97}"
EndProject
Project("{FAE04EC0-301F-11D3-BF4B-00C04F79EFBC}") = "Website", "Website\Website.csproj", "{25E3E1BE-4EB1-45E9-902A-4BBA1691C0B0}"
EndProject
Global
	GlobalSection(SolutionConfigurationPlatforms) = preSolution
		Debug|Any CPU = Debug|Any CPU
		Release|Any CPU = Release|Any CPU
	EndGlobalSection
	GlobalSection(ProjectConfigurationPlatforms) = postSolution
		{C3B5434F-E4E6-4A45-8950-68F15E3FAD97}.Debug|Any CPU.ActiveCfg = Debug|Any CPU
		{C3B5434F-E4E6-4A45-8950-68F15E3FAD97}.Debug|Any CPU.Build.0 = Debug|Any CPU
		{C3B5434F-E4E6-4A45-8950-68F15E3FAD97}.Release|Any CPU.ActiveCfg = Release|Any CPU
		{C3B5434F-E4E6-4A45-8950-68F15E3FAD97}.Release|Any CPU.Build.0 = Release|Any CPU
		{25E3E1BE-4EB1-45E9-902A-4BBA1691C0B0}.Debug|Any CPU.ActiveCfg = Debug|Any CPU
		{25E3E1BE-4EB1-45E9-902A-4BBA1691C0B0}.Debug|Any CPU.Build.0 = Debug|Any CPU
		{25E3E1BE-4EB1-45E9-902A-4BBA1691C0B0}.Release|Any CPU.ActiveCfg = Release|Any CPU
		{25E3E1BE-4EB1-45E9-902A-4BBA1691C0B0}.Release|Any CPU.Build.0 = Release|Any CPU
	EndGlobalSection
	GlobalSection(SolutionProperties) = preSolution
		HideSolutionNode = FALSE
	EndGlobalSection
	GlobalSection(ExtensibilityGlobals) = postSolution
		SolutionGuid = {97A7732C-2615-4F1E-9FC0-277B3F728AC0}
	EndGlobalSection
EndGlobal
